
Microsoft Visual Studio Solution File, Format Version 12.00
# Visual Studio Version 17
VisualStudioVersion = 17.14.36221.1
MinimumVisualStudioVersion = 10.0.40219.1
Project("{FAE04EC0-301F-11D3-BF4B-00C04F79EFBC}") = "01_Variables_Constantes", "01_Variables_Constantes\01_Variables_Constantes.csproj", "{AF78C151-D7D6-4D75-82CC-06D355E52BCE}"
EndProject
Project("{FAE04EC0-301F-11D3-BF4B-00C04F79EFBC}") = "02_Operadores", "02_Operadores\02_Operadores.csproj", "{23E474FD-26D8-4491-9A3D-68589284EB5B}"
EndProject
Global
	GlobalSection(SolutionConfigurationPlatforms) = preSolution
		Debug|Any CPU = Debug|Any CPU
		Release|Any CPU = Release|Any CPU
	EndGlobalSection
	GlobalSection(ProjectConfigurationPlatforms) = postSolution
		{AF78C151-D7D6-4D75-82CC-06D355E52BCE}.Debug|Any CPU.ActiveCfg = Debug|Any CPU
		{AF78C151-D7D6-4D75-82CC-06D355E52BCE}.Debug|Any CPU.Build.0 = Debug|Any CPU
		{AF78C151-D7D6-4D75-82CC-06D355E52BCE}.Release|Any CPU.ActiveCfg = Release|Any CPU
		{AF78C151-D7D6-4D75-82CC-06D355E52BCE}.Release|Any CPU.Build.0 = Release|Any CPU
		{23E474FD-26D8-4491-9A3D-68589284EB5B}.Debug|Any CPU.ActiveCfg = Debug|Any CPU
		{23E474FD-26D8-4491-9A3D-68589284EB5B}.Debug|Any CPU.Build.0 = Debug|Any CPU
		{23E474FD-26D8-4491-9A3D-68589284EB5B}.Release|Any CPU.ActiveCfg = Release|Any CPU
		{23E474FD-26D8-4491-9A3D-68589284EB5B}.Release|Any CPU.Build.0 = Release|Any CPU
	EndGlobalSection
	GlobalSection(SolutionProperties) = preSolution
		HideSolutionNode = FALSE
	EndGlobalSection
	GlobalSection(ExtensibilityGlobals) = postSolution
		SolutionGuid = {FCCD4145-6E9C-4573-8785-A408DBA1B8B4}
	EndGlobalSection
EndGlobal
