
Microsoft Visual Studio Solution File, Format Version 12.00
# Visual Studio Version 17
VisualStudioVersion = 17.14.36310.24
MinimumVisualStudioVersion = 10.0.40219.1
Project("{FAE04EC0-301F-11D3-BF4B-00C04F79EFBC}") = "01_Estructuras", "01_Estructuras\01_Estructuras.csproj", "{0B00F3B5-10C1-46DC-A95E-8A444F97ABBE}"
EndProject
Project("{FAE04EC0-301F-11D3-BF4B-00C04F79EFBC}") = "02_Enumeraciones", "02_Enumeraciones\02_Enumeraciones.csproj", "{26C16ECB-3498-41C7-A43D-A461D052D53E}"
EndProject
Project("{FAE04EC0-301F-11D3-BF4B-00C04F79EFBC}") = "03_AplicacionVisualEscritorio", "03_AplicacionVisualEscritorio\03_AplicacionVisualEscritorio.csproj", "{EA15CA7B-F8CB-4D12-93F8-67D0E91B83A3}"
EndProject
Project("{FAE04EC0-301F-11D3-BF4B-00C04F79EFBC}") = "InterfazGraficaWin", "InterfazGraficaWin\InterfazGraficaWin.csproj", "{BFED5DD1-904D-4AE4-A3A3-D8CE13366EEA}"
EndProject
Project("{FAE04EC0-301F-11D3-BF4B-00C04F79EFBC}") = "InterfazGraficaWeb", "InterfazGraficaWeb\InterfazGraficaWeb.csproj", "{AB90741A-30E5-4F09-BAF8-EF96D3A87DF8}"
EndProject
Global
	GlobalSection(SolutionConfigurationPlatforms) = preSolution
		Debug|Any CPU = Debug|Any CPU
		Release|Any CPU = Release|Any CPU
	EndGlobalSection
	GlobalSection(ProjectConfigurationPlatforms) = postSolution
		{0B00F3B5-10C1-46DC-A95E-8A444F97ABBE}.Debug|Any CPU.ActiveCfg = Debug|Any CPU
		{0B00F3B5-10C1-46DC-A95E-8A444F97ABBE}.Debug|Any CPU.Build.0 = Debug|Any CPU
		{0B00F3B5-10C1-46DC-A95E-8A444F97ABBE}.Release|Any CPU.ActiveCfg = Release|Any CPU
		{0B00F3B5-10C1-46DC-A95E-8A444F97ABBE}.Release|Any CPU.Build.0 = Release|Any CPU
		{26C16ECB-3498-41C7-A43D-A461D052D53E}.Debug|Any CPU.ActiveCfg = Debug|Any CPU
		{26C16ECB-3498-41C7-A43D-A461D052D53E}.Debug|Any CPU.Build.0 = Debug|Any CPU
		{26C16ECB-3498-41C7-A43D-A461D052D53E}.Release|Any CPU.ActiveCfg = Release|Any CPU
		{26C16ECB-3498-41C7-A43D-A461D052D53E}.Release|Any CPU.Build.0 = Release|Any CPU
		{EA15CA7B-F8CB-4D12-93F8-67D0E91B83A3}.Debug|Any CPU.ActiveCfg = Debug|Any CPU
		{EA15CA7B-F8CB-4D12-93F8-67D0E91B83A3}.Debug|Any CPU.Build.0 = Debug|Any CPU
		{EA15CA7B-F8CB-4D12-93F8-67D0E91B83A3}.Release|Any CPU.ActiveCfg = Release|Any CPU
		{EA15CA7B-F8CB-4D12-93F8-67D0E91B83A3}.Release|Any CPU.Build.0 = Release|Any CPU
		{BFED5DD1-904D-4AE4-A3A3-D8CE13366EEA}.Debug|Any CPU.ActiveCfg = Debug|Any CPU
		{BFED5DD1-904D-4AE4-A3A3-D8CE13366EEA}.Debug|Any CPU.Build.0 = Debug|Any CPU
		{BFED5DD1-904D-4AE4-A3A3-D8CE13366EEA}.Release|Any CPU.ActiveCfg = Release|Any CPU
		{BFED5DD1-904D-4AE4-A3A3-D8CE13366EEA}.Release|Any CPU.Build.0 = Release|Any CPU
		{AB90741A-30E5-4F09-BAF8-EF96D3A87DF8}.Debug|Any CPU.ActiveCfg = Debug|Any CPU
		{AB90741A-30E5-4F09-BAF8-EF96D3A87DF8}.Debug|Any CPU.Build.0 = Debug|Any CPU
		{AB90741A-30E5-4F09-BAF8-EF96D3A87DF8}.Release|Any CPU.ActiveCfg = Release|Any CPU
		{AB90741A-30E5-4F09-BAF8-EF96D3A87DF8}.Release|Any CPU.Build.0 = Release|Any CPU
	EndGlobalSection
	GlobalSection(SolutionProperties) = preSolution
		HideSolutionNode = FALSE
	EndGlobalSection
	GlobalSection(ExtensibilityGlobals) = postSolution
		SolutionGuid = {C434100B-70E9-417F-B0AB-7A8667F96CE6}
	EndGlobalSection
EndGlobal
