
Microsoft Visual Studio Solution File, Format Version 12.00
# Visual Studio Version 17
VisualStudioVersion = 17.14.36221.1
MinimumVisualStudioVersion = 10.0.40219.1
Project("{FAE04EC0-301F-11D3-BF4B-00C04F79EFBC}") = "01_Instrucciones_de_Bucles", "01_Instrucciones_de_Bucles\01_Instrucciones_de_Bucles.csproj", "{7DF0A135-277F-4C79-B094-86464A561ECC}"
EndProject
Project("{FAE04EC0-301F-11D3-BF4B-00C04F79EFBC}") = "03_Break_Continue_Return_Goto", "03_Break_Continue_Return_Goto\03_Break_Continue_Return_Goto.csproj", "{AF141398-8DF0-4E6B-9AD9-91767D2244EE}"
EndProject
Project("{FAE04EC0-301F-11D3-BF4B-00C04F79EFBC}") = "04_Arreglos", "04_Arreglos\04_Arreglos.csproj", "{7D9209B3-C130-47F9-BBD7-F1BFCCD06913}"
EndProject
Global
	GlobalSection(SolutionConfigurationPlatforms) = preSolution
		Debug|Any CPU = Debug|Any CPU
		Release|Any CPU = Release|Any CPU
	EndGlobalSection
	GlobalSection(ProjectConfigurationPlatforms) = postSolution
		{7DF0A135-277F-4C79-B094-86464A561ECC}.Debug|Any CPU.ActiveCfg = Debug|Any CPU
		{7DF0A135-277F-4C79-B094-86464A561ECC}.Debug|Any CPU.Build.0 = Debug|Any CPU
		{7DF0A135-277F-4C79-B094-86464A561ECC}.Release|Any CPU.ActiveCfg = Release|Any CPU
		{7DF0A135-277F-4C79-B094-86464A561ECC}.Release|Any CPU.Build.0 = Release|Any CPU
		{AF141398-8DF0-4E6B-9AD9-91767D2244EE}.Debug|Any CPU.ActiveCfg = Debug|Any CPU
		{AF141398-8DF0-4E6B-9AD9-91767D2244EE}.Debug|Any CPU.Build.0 = Debug|Any CPU
		{AF141398-8DF0-4E6B-9AD9-91767D2244EE}.Release|Any CPU.ActiveCfg = Release|Any CPU
		{AF141398-8DF0-4E6B-9AD9-91767D2244EE}.Release|Any CPU.Build.0 = Release|Any CPU
		{7D9209B3-C130-47F9-BBD7-F1BFCCD06913}.Debug|Any CPU.ActiveCfg = Debug|Any CPU
		{7D9209B3-C130-47F9-BBD7-F1BFCCD06913}.Debug|Any CPU.Build.0 = Debug|Any CPU
		{7D9209B3-C130-47F9-BBD7-F1BFCCD06913}.Release|Any CPU.ActiveCfg = Release|Any CPU
		{7D9209B3-C130-47F9-BBD7-F1BFCCD06913}.Release|Any CPU.Build.0 = Release|Any CPU
	EndGlobalSection
	GlobalSection(SolutionProperties) = preSolution
		HideSolutionNode = FALSE
	EndGlobalSection
	GlobalSection(ExtensibilityGlobals) = postSolution
		SolutionGuid = {C9E8FC8B-0F1D-4AE8-AEDC-D112DCDEC9BF}
	EndGlobalSection
EndGlobal
