
Microsoft Visual Studio Solution File, Format Version 12.00
# Visual Studio Version 17
VisualStudioVersion = 17.14.36221.1 d17.14
MinimumVisualStudioVersion = 10.0.40219.1
Project("{FAE04EC0-301F-11D3-BF4B-00C04F79EFBC}") = "01_Control_de_Flujo_de_Programa", "01_Control_de_Flujo_de_Programa\01_Control_de_Flujo_de_Programa.csproj", "{DC2B2C5A-8AF7-4311-B581-7482808C2660}"
EndProject
Global
	GlobalSection(SolutionConfigurationPlatforms) = preSolution
		Debug|Any CPU = Debug|Any CPU
		Release|Any CPU = Release|Any CPU
	EndGlobalSection
	GlobalSection(ProjectConfigurationPlatforms) = postSolution
		{DC2B2C5A-8AF7-4311-B581-7482808C2660}.Debug|Any CPU.ActiveCfg = Debug|Any CPU
		{DC2B2C5A-8AF7-4311-B581-7482808C2660}.Debug|Any CPU.Build.0 = Debug|Any CPU
		{DC2B2C5A-8AF7-4311-B581-7482808C2660}.Release|Any CPU.ActiveCfg = Release|Any CPU
		{DC2B2C5A-8AF7-4311-B581-7482808C2660}.Release|Any CPU.Build.0 = Release|Any CPU
	EndGlobalSection
	GlobalSection(SolutionProperties) = preSolution
		HideSolutionNode = FALSE
	EndGlobalSection
	GlobalSection(ExtensibilityGlobals) = postSolution
		SolutionGuid = {94BE9A7E-033F-4B1A-AECF-C4459F2DEED2}
	EndGlobalSection
EndGlobal
